{
  "name": "@hellocoop/client",
  "version": "1.0.0",
  "lockfileVersion": 3,
  "requires": true,
  "packages": {
    "": {
      "name": "@hellocoop/client",
      "version": "1.0.0",
      "hasInstallScript": true,
      "license": "MIT",
      "bin": {
        "mockin": "src/server.js"
      },
      "engines": {
        "node": "~20",
        "npm": "~10"
      }
    }
  }
}
